
Microsoft Visual Studio Solution File, Format Version 12.00
Project("{FAE04EC0-301F-11D3-BF4B-00C04F79EFBC}") = "Generics", "Generics\Generics.csproj", "{66F612A3-913F-4ADD-85F3-BCF33694F655}"
EndProject
Global
	GlobalSection(SolutionConfigurationPlatforms) = preSolution
		Debug|Any CPU = Debug|Any CPU
		Release|Any CPU = Release|Any CPU
	EndGlobalSection
	GlobalSection(ProjectConfigurationPlatforms) = postSolution
		{66F612A3-913F-4ADD-85F3-BCF33694F655}.Debug|Any CPU.ActiveCfg = Debug|Any CPU
		{66F612A3-913F-4ADD-85F3-BCF33694F655}.Debug|Any CPU.Build.0 = Debug|Any CPU
		{66F612A3-913F-4ADD-85F3-BCF33694F655}.Release|Any CPU.ActiveCfg = Release|Any CPU
		{66F612A3-913F-4ADD-85F3-BCF33694F655}.Release|Any CPU.Build.0 = Release|Any CPU
	EndGlobalSection
EndGlobal
